schema: '2.0'
stages:
  data_ingestion:
    cmd: python src/data/data_ingestion.py
    deps:
    - path: src/data/data_ingestion.py
      hash: md5
      md5: e7e886bad8256c65c17e37cf7a7d9f50
      size: 2617
    params:
      params.yaml:
        data_ingestion.test_size: 0.2
    outs:
    - path: data/raw
      hash: md5
      md5: f3154e78b81bd3146418d95adfe640e8.dir
      size: 1006158
      nfiles: 2
  data_preprocessing:
    cmd: python src/data/data_preprocessing.py
    deps:
    - path: data/raw
      hash: md5
      md5: f3154e78b81bd3146418d95adfe640e8.dir
      size: 1006158
      nfiles: 2
    - path: src/data/data_preprocessing.py
      hash: md5
      md5: 0dbaaf6726aaa286ed99b445313885ab
      size: 4297
    outs:
    - path: data/processed
      hash: md5
      md5: 6483d39a786c50a1a9c3e19eeb4699e1.dir
      size: 693735
      nfiles: 2
  feature_engineering:
    cmd: python src/features/feature_engineering.py
    deps:
    - path: data/processed
      hash: md5
      md5: 6483d39a786c50a1a9c3e19eeb4699e1.dir
      size: 693735
      nfiles: 2
    - path: src/features/feature_engineering.py
      hash: md5
      md5: 679cac9b55c51b06490748564ce6be78
      size: 3145
    params:
      params.yaml:
        feature_engineering.max_features: 100
    outs:
    - path: data/features
      hash: md5
      md5: f73530944e72ec47ba00f85505046cf8.dir
      size: 5938077
      nfiles: 2
  model_building:
    cmd: python src/model/model_building.py
    deps:
    - path: data/features
      hash: md5
      md5: f73530944e72ec47ba00f85505046cf8.dir
      size: 5938077
      nfiles: 2
    - path: src/model/model_building.py
      hash: md5
      md5: d849321344aa576c69cab6993a50e6dc
      size: 2442
    params:
      params.yaml:
        model_building.learning_rate: 0.1
        model_building.n_estimators: 25
    outs:
    - path: models/model.pkl
      hash: md5
      md5: 2057367721d62e921cf8aed6317485f3
      size: 39392
  model_evaluation:
    cmd: python src/model/model_evaluation.py
    deps:
    - path: data/features
      hash: md5
      md5: f73530944e72ec47ba00f85505046cf8.dir
      size: 5938077
      nfiles: 2
    - path: models/model.pkl
      hash: md5
      md5: 2057367721d62e921cf8aed6317485f3
      size: 39392
    - path: src/model/model_evaluation.py
      hash: md5
      md5: 26067f882842371dfea218f6d57ccf93
      size: 2719
    outs:
    - path: reports/metrics.json
      hash: md5
      md5: a50be7f7247137e3a3b327a17d7de6ad
      size: 145
